<Solution>
  <Folder Name="/docs/">
    <File Path="docs/add_new_project.MD" />
    <File Path="docs/git.MD" />
  </Folder>
  <Folder Name="/exercises/" />
  <Folder Name="/projects/">
    <Project Path="projects/App2/App2.csproj" />
    <Project Path="projects/ConsoleApp1/ConsoleApp1.csproj" />
    <Project Path="projects/Polimorfismo/Polimorfismo.csproj" />
  </Folder>
</Solution>